// !$*UTF8*$!
{
	archiveVersion = 1;
	classes = {
	};
	objectVersion = 56;
	objects = {

/* Begin PBXBuildFile section */
		7B575AE82AC8A2B2001891C4 /* AppDelegate.swift in Sources */ = {isa = PBXBuildFile; fileRef = 7B575AE72AC8A2B2001891C4 /* AppDelegate.swift */; };
		7B575AEA2AC8A2B2001891C4 /* SceneDelegate.swift in Sources */ = {isa = PBXBuildFile; fileRef = 7B575AE92AC8A2B2001891C4 /* SceneDelegate.swift */; };
		7B575AEC2AC8A2B2001891C4 /* ViewController.swift in Sources */ = {isa = PBXBuildFile; fileRef = 7B575AEB2AC8A2B2001891C4 /* ViewController.swift */; };
		7B575AEF2AC8A2B2001891C4 /* Main.storyboard in Resources */ = {isa = PBXBuildFile; fileRef = 7B575AED2AC8A2B2001891C4 /* Main.storyboard */; };
		7B575AF12AC8A2B5001891C4 /* Assets.xcassets in Resources */ = {isa = PBXBuildFile; fileRef = 7B575AF02AC8A2B5001891C4 /* Assets.xcassets */; };
		7B575AF42AC8A2B5001891C4 /* LaunchScreen.storyboard in Resources */ = {isa = PBXBuildFile; fileRef = 7B575AF22AC8A2B5001891C4 /* LaunchScreen.storyboard */; };
		7B575AFC2AC8A546001891C4 /* marvel.keys in Resources */ = {isa = PBXBuildFile; fileRef = 7B575AFB2AC8A546001891C4 /* marvel.keys */; };
		7B575AFF2AC8A675001891C4 /* Keys.swift in Sources */ = {isa = PBXBuildFile; fileRef = 7B575AFE2AC8A675001891C4 /* Keys.swift */; };
		7B575B012AC8A908001891C4 /* KeyLoader.swift in Sources */ = {isa = PBXBuildFile; fileRef = 7B575B002AC8A908001891C4 /* KeyLoader.swift */; };
		7B575B042AC8B157001891C4 /* StringExtension.swift in Sources */ = {isa = PBXBuildFile; fileRef = 7B575B032AC8B157001891C4 /* StringExtension.swift */; };
		7B575B062AC8B17E001891C4 /* DoubleExtension.swift in Sources */ = {isa = PBXBuildFile; fileRef = 7B575B052AC8B17E001891C4 /* DoubleExtension.swift */; };
		7BF458412AD0C2EE00916822 /* Character.swift in Sources */ = {isa = PBXBuildFile; fileRef = 7BF458402AD0C2EE00916822 /* Character.swift */; };
		7BF458432AD0C48700916822 /* Image.swift in Sources */ = {isa = PBXBuildFile; fileRef = 7BF458422AD0C48700916822 /* Image.swift */; };
		7BF458452AD0C71C00916822 /* UrlWebsite.swift in Sources */ = {isa = PBXBuildFile; fileRef = 7BF458442AD0C71C00916822 /* UrlWebsite.swift */; };
		7BF458472AD0C9EE00916822 /* ResourceList.swift in Sources */ = {isa = PBXBuildFile; fileRef = 7BF458462AD0C9EE00916822 /* ResourceList.swift */; };
		7BF458492AD0CCBA00916822 /* ComicItem.swift in Sources */ = {isa = PBXBuildFile; fileRef = 7BF458482AD0CCBA00916822 /* ComicItem.swift */; };
		7BF4584B2AD0CD5100916822 /* SerieItem.swift in Sources */ = {isa = PBXBuildFile; fileRef = 7BF4584A2AD0CD5100916822 /* SerieItem.swift */; };
		7BF4584D2AD0CD7A00916822 /* EventItem.swift in Sources */ = {isa = PBXBuildFile; fileRef = 7BF4584C2AD0CD7900916822 /* EventItem.swift */; };
		7BF4584F2AD0CD9A00916822 /* StoryItem.swift in Sources */ = {isa = PBXBuildFile; fileRef = 7BF4584E2AD0CD9A00916822 /* StoryItem.swift */; };
		7BF458512AD0D14800916822 /* APIResponse.swift in Sources */ = {isa = PBXBuildFile; fileRef = 7BF458502AD0D14800916822 /* APIResponse.swift */; };
		7BF458532AD0D31F00916822 /* DataResponse.swift in Sources */ = {isa = PBXBuildFile; fileRef = 7BF458522AD0D31F00916822 /* DataResponse.swift */; };
		7BF458562AD0E0F700916822 /* Constants.swift in Sources */ = {isa = PBXBuildFile; fileRef = 7BF458552AD0E0F700916822 /* Constants.swift */; };
		7BF4585B2AD0E3C200916822 /* CharacterService.swift in Sources */ = {isa = PBXBuildFile; fileRef = 7BF4585A2AD0E3C200916822 /* CharacterService.swift */; };
		7BF4585E2AD0F4C900916822 /* CharacterCell.swift in Sources */ = {isa = PBXBuildFile; fileRef = 7BF4585D2AD0F4C900916822 /* CharacterCell.swift */; };
		7BF458612AD0FFD800916822 /* SDWebImage in Frameworks */ = {isa = PBXBuildFile; productRef = 7BF458602AD0FFD800916822 /* SDWebImage */; };
/* End PBXBuildFile section */

/* Begin PBXFileReference section */
		7B575AE42AC8A2B2001891C4 /* Marvel.app */ = {isa = PBXFileReference; explicitFileType = wrapper.application; includeInIndex = 0; path = Marvel.app; sourceTree = BUILT_PRODUCTS_DIR; };
		7B575AE72AC8A2B2001891C4 /* AppDelegate.swift */ = {isa = PBXFileReference; lastKnownFileType = sourcecode.swift; path = AppDelegate.swift; sourceTree = "<group>"; };
		7B575AE92AC8A2B2001891C4 /* SceneDelegate.swift */ = {isa = PBXFileReference; lastKnownFileType = sourcecode.swift; path = SceneDelegate.swift; sourceTree = "<group>"; };
		7B575AEB2AC8A2B2001891C4 /* ViewController.swift */ = {isa = PBXFileReference; lastKnownFileType = sourcecode.swift; path = ViewController.swift; sourceTree = "<group>"; };
		7B575AEE2AC8A2B2001891C4 /* Base */ = {isa = PBXFileReference; lastKnownFileType = file.storyboard; name = Base; path = Base.lproj/Main.storyboard; sourceTree = "<group>"; };
		7B575AF02AC8A2B5001891C4 /* Assets.xcassets */ = {isa = PBXFileReference; lastKnownFileType = folder.assetcatalog; path = Assets.xcassets; sourceTree = "<group>"; };
		7B575AF32AC8A2B5001891C4 /* Base */ = {isa = PBXFileReference; lastKnownFileType = file.storyboard; name = Base; path = Base.lproj/LaunchScreen.storyboard; sourceTree = "<group>"; };
		7B575AF52AC8A2B5001891C4 /* Info.plist */ = {isa = PBXFileReference; lastKnownFileType = text.plist.xml; path = Info.plist; sourceTree = "<group>"; };
		7B575AFB2AC8A546001891C4 /* marvel.keys */ = {isa = PBXFileReference; fileEncoding = 4; lastKnownFileType = text; path = marvel.keys; sourceTree = "<group>"; };
		7B575AFE2AC8A675001891C4 /* Keys.swift */ = {isa = PBXFileReference; lastKnownFileType = sourcecode.swift; path = Keys.swift; sourceTree = "<group>"; };
		7B575B002AC8A908001891C4 /* KeyLoader.swift */ = {isa = PBXFileReference; lastKnownFileType = sourcecode.swift; path = KeyLoader.swift; sourceTree = "<group>"; };
		7B575B032AC8B157001891C4 /* StringExtension.swift */ = {isa = PBXFileReference; lastKnownFileType = sourcecode.swift; path = StringExtension.swift; sourceTree = "<group>"; };
		7B575B052AC8B17E001891C4 /* DoubleExtension.swift */ = {isa = PBXFileReference; lastKnownFileType = sourcecode.swift; path = DoubleExtension.swift; sourceTree = "<group>"; };
		7BF458402AD0C2EE00916822 /* Character.swift */ = {isa = PBXFileReference; lastKnownFileType = sourcecode.swift; path = Character.swift; sourceTree = "<group>"; };
		7BF458422AD0C48700916822 /* Image.swift */ = {isa = PBXFileReference; lastKnownFileType = sourcecode.swift; path = Image.swift; sourceTree = "<group>"; };
		7BF458442AD0C71C00916822 /* UrlWebsite.swift */ = {isa = PBXFileReference; lastKnownFileType = sourcecode.swift; path = UrlWebsite.swift; sourceTree = "<group>"; };
		7BF458462AD0C9EE00916822 /* ResourceList.swift */ = {isa = PBXFileReference; lastKnownFileType = sourcecode.swift; path = ResourceList.swift; sourceTree = "<group>"; };
		7BF458482AD0CCBA00916822 /* ComicItem.swift */ = {isa = PBXFileReference; lastKnownFileType = sourcecode.swift; path = ComicItem.swift; sourceTree = "<group>"; };
		7BF4584A2AD0CD5100916822 /* SerieItem.swift */ = {isa = PBXFileReference; lastKnownFileType = sourcecode.swift; path = SerieItem.swift; sourceTree = "<group>"; };
		7BF4584C2AD0CD7900916822 /* EventItem.swift */ = {isa = PBXFileReference; lastKnownFileType = sourcecode.swift; path = EventItem.swift; sourceTree = "<group>"; };
		7BF4584E2AD0CD9A00916822 /* StoryItem.swift */ = {isa = PBXFileReference; lastKnownFileType = sourcecode.swift; path = StoryItem.swift; sourceTree = "<group>"; };
		7BF458502AD0D14800916822 /* APIResponse.swift */ = {isa = PBXFileReference; lastKnownFileType = sourcecode.swift; path = APIResponse.swift; sourceTree = "<group>"; };
		7BF458522AD0D31F00916822 /* DataResponse.swift */ = {isa = PBXFileReference; lastKnownFileType = sourcecode.swift; path = DataResponse.swift; sourceTree = "<group>"; };
		7BF458552AD0E0F700916822 /* Constants.swift */ = {isa = PBXFileReference; lastKnownFileType = sourcecode.swift; path = Constants.swift; sourceTree = "<group>"; };
		7BF4585A2AD0E3C200916822 /* CharacterService.swift */ = {isa = PBXFileReference; lastKnownFileType = sourcecode.swift; path = CharacterService.swift; sourceTree = "<group>"; };
		7BF4585D2AD0F4C900916822 /* CharacterCell.swift */ = {isa = PBXFileReference; lastKnownFileType = sourcecode.swift; path = CharacterCell.swift; sourceTree = "<group>"; };
/* End PBXFileReference section */

/* Begin PBXFrameworksBuildPhase section */
		7B575AE12AC8A2B2001891C4 /* Frameworks */ = {
			isa = PBXFrameworksBuildPhase;
			buildActionMask = 2147483647;
			files = (
				7BF458612AD0FFD800916822 /* SDWebImage in Frameworks */,
			);
			runOnlyForDeploymentPostprocessing = 0;
		};
/* End PBXFrameworksBuildPhase section */

/* Begin PBXGroup section */
		7B575ADB2AC8A2B2001891C4 = {
			isa = PBXGroup;
			children = (
				7B575AE62AC8A2B2001891C4 /* Marvel */,
				7B575AE52AC8A2B2001891C4 /* Products */,
			);
			sourceTree = "<group>";
		};
		7B575AE52AC8A2B2001891C4 /* Products */ = {
			isa = PBXGroup;
			children = (
				7B575AE42AC8A2B2001891C4 /* Marvel.app */,
			);
			name = Products;
			sourceTree = "<group>";
		};
		7B575AE62AC8A2B2001891C4 /* Marvel */ = {
			isa = PBXGroup;
			children = (
				7BF4585C2AD0F49500916822 /* View */,
				7BF458592AD0E39B00916822 /* Service */,
				7BF458542AD0E0DF00916822 /* Constants */,
				7B575B022AC8B138001891C4 /* Extension */,
				7B575AFD2AC8A645001891C4 /* Model */,
				7B575AE72AC8A2B2001891C4 /* AppDelegate.swift */,
				7B575AE92AC8A2B2001891C4 /* SceneDelegate.swift */,
				7B575AEB2AC8A2B2001891C4 /* ViewController.swift */,
				7B575AED2AC8A2B2001891C4 /* Main.storyboard */,
				7B575AFB2AC8A546001891C4 /* marvel.keys */,
				7B575AF02AC8A2B5001891C4 /* Assets.xcassets */,
				7B575AF22AC8A2B5001891C4 /* LaunchScreen.storyboard */,
				7B575AF52AC8A2B5001891C4 /* Info.plist */,
			);
			path = Marvel;
			sourceTree = "<group>";
		};
		7B575AFD2AC8A645001891C4 /* Model */ = {
			isa = PBXGroup;
			children = (
				7B575AFE2AC8A675001891C4 /* Keys.swift */,
				7B575B002AC8A908001891C4 /* KeyLoader.swift */,
				7BF458402AD0C2EE00916822 /* Character.swift */,
				7BF458422AD0C48700916822 /* Image.swift */,
				7BF458442AD0C71C00916822 /* UrlWebsite.swift */,
				7BF458462AD0C9EE00916822 /* ResourceList.swift */,
				7BF458482AD0CCBA00916822 /* ComicItem.swift */,
				7BF4584A2AD0CD5100916822 /* SerieItem.swift */,
				7BF4584C2AD0CD7900916822 /* EventItem.swift */,
				7BF4584E2AD0CD9A00916822 /* StoryItem.swift */,
				7BF458502AD0D14800916822 /* APIResponse.swift */,
				7BF458522AD0D31F00916822 /* DataResponse.swift */,
			);
			path = Model;
			sourceTree = "<group>";
		};
		7B575B022AC8B138001891C4 /* Extension */ = {
			isa = PBXGroup;
			children = (
				7B575B032AC8B157001891C4 /* StringExtension.swift */,
				7B575B052AC8B17E001891C4 /* DoubleExtension.swift */,
			);
			path = Extension;
			sourceTree = "<group>";
		};
		7BF458542AD0E0DF00916822 /* Constants */ = {
			isa = PBXGroup;
			children = (
				7BF458552AD0E0F700916822 /* Constants.swift */,
			);
			path = Constants;
			sourceTree = "<group>";
		};
		7BF458592AD0E39B00916822 /* Service */ = {
			isa = PBXGroup;
			children = (
				7BF4585A2AD0E3C200916822 /* CharacterService.swift */,
			);
			path = Service;
			sourceTree = "<group>";
		};
		7BF4585C2AD0F49500916822 /* View */ = {
			isa = PBXGroup;
			children = (
				7BF4585D2AD0F4C900916822 /* CharacterCell.swift */,
			);
			path = View;
			sourceTree = "<group>";
		};
/* End PBXGroup section */

/* Begin PBXNativeTarget section */
		7B575AE32AC8A2B2001891C4 /* Marvel */ = {
			isa = PBXNativeTarget;
			buildConfigurationList = 7B575AF82AC8A2B5001891C4 /* Build configuration list for PBXNativeTarget "Marvel" */;
			buildPhases = (
				7B575AE02AC8A2B2001891C4 /* Sources */,
				7B575AE12AC8A2B2001891C4 /* Frameworks */,
				7B575AE22AC8A2B2001891C4 /* Resources */,
			);
			buildRules = (
			);
			dependencies = (
			);
			name = Marvel;
			packageProductDependencies = (
				7BF458602AD0FFD800916822 /* SDWebImage */,
			);
			productName = Marvel;
			productReference = 7B575AE42AC8A2B2001891C4 /* Marvel.app */;
			productType = "com.apple.product-type.application";
		};
/* End PBXNativeTarget section */

/* Begin PBXProject section */
		7B575ADC2AC8A2B2001891C4 /* Project object */ = {
			isa = PBXProject;
			attributes = {
				BuildIndependentTargetsInParallel = 1;
				LastSwiftUpdateCheck = 1420;
				LastUpgradeCheck = 1420;
				TargetAttributes = {
					7B575AE32AC8A2B2001891C4 = {
						CreatedOnToolsVersion = 14.2;
					};
				};
			};
			buildConfigurationList = 7B575ADF2AC8A2B2001891C4 /* Build configuration list for PBXProject "Marvel" */;
			compatibilityVersion = "Xcode 14.0";
			developmentRegion = en;
			hasScannedForEncodings = 0;
			knownRegions = (
				en,
				Base,
			);
			mainGroup = 7B575ADB2AC8A2B2001891C4;
			packageReferences = (
				7BF4585F2AD0FFD800916822 /* XCRemoteSwiftPackageReference "SDWebImage" */,
			);
			productRefGroup = 7B575AE52AC8A2B2001891C4 /* Products */;
			projectDirPath = "";
			projectRoot = "";
			targets = (
				7B575AE32AC8A2B2001891C4 /* Marvel */,
			);
		};
/* End PBXProject section */

/* Begin PBXResourcesBuildPhase section */
		7B575AE22AC8A2B2001891C4 /* Resources */ = {
			isa = PBXResourcesBuildPhase;
			buildActionMask = 2147483647;
			files = (
				7B575AFC2AC8A546001891C4 /* marvel.keys in Resources */,
				7B575AF42AC8A2B5001891C4 /* LaunchScreen.storyboard in Resources */,
				7B575AF12AC8A2B5001891C4 /* Assets.xcassets in Resources */,
				7B575AEF2AC8A2B2001891C4 /* Main.storyboard in Resources */,
			);
			runOnlyForDeploymentPostprocessing = 0;
		};
/* End PBXResourcesBuildPhase section */

/* Begin PBXSourcesBuildPhase section */
		7B575AE02AC8A2B2001891C4 /* Sources */ = {
			isa = PBXSourcesBuildPhase;
			buildActionMask = 2147483647;
			files = (
				7BF458492AD0CCBA00916822 /* ComicItem.swift in Sources */,
				7B575AEC2AC8A2B2001891C4 /* ViewController.swift in Sources */,
				7BF458432AD0C48700916822 /* Image.swift in Sources */,
				7B575AFF2AC8A675001891C4 /* Keys.swift in Sources */,
				7BF458452AD0C71C00916822 /* UrlWebsite.swift in Sources */,
				7BF458512AD0D14800916822 /* APIResponse.swift in Sources */,
				7B575B042AC8B157001891C4 /* StringExtension.swift in Sources */,
				7BF4584B2AD0CD5100916822 /* SerieItem.swift in Sources */,
				7B575AE82AC8A2B2001891C4 /* AppDelegate.swift in Sources */,
				7B575AEA2AC8A2B2001891C4 /* SceneDelegate.swift in Sources */,
				7BF4584F2AD0CD9A00916822 /* StoryItem.swift in Sources */,
				7B575B062AC8B17E001891C4 /* DoubleExtension.swift in Sources */,
				7BF458472AD0C9EE00916822 /* ResourceList.swift in Sources */,
				7BF4585B2AD0E3C200916822 /* CharacterService.swift in Sources */,
				7B575B012AC8A908001891C4 /* KeyLoader.swift in Sources */,
				7BF4585E2AD0F4C900916822 /* CharacterCell.swift in Sources */,
				7BF458412AD0C2EE00916822 /* Character.swift in Sources */,
				7BF4584D2AD0CD7A00916822 /* EventItem.swift in Sources */,
				7BF458532AD0D31F00916822 /* DataResponse.swift in Sources */,
				7BF458562AD0E0F700916822 /* Constants.swift in Sources */,
			);
			runOnlyForDeploymentPostprocessing = 0;
		};
/* End PBXSourcesBuildPhase section */

/* Begin PBXVariantGroup section */
		7B575AED2AC8A2B2001891C4 /* Main.storyboard */ = {
			isa = PBXVariantGroup;
			children = (
				7B575AEE2AC8A2B2001891C4 /* Base */,
			);
			name = Main.storyboard;
			sourceTree = "<group>";
		};
		7B575AF22AC8A2B5001891C4 /* LaunchScreen.storyboard */ = {
			isa = PBXVariantGroup;
			children = (
				7B575AF32AC8A2B5001891C4 /* Base */,
			);
			name = LaunchScreen.storyboard;
			sourceTree = "<group>";
		};
/* End PBXVariantGroup section */

/* Begin XCBuildConfiguration section */
		7B575AF62AC8A2B5001891C4 /* Debug */ = {
			isa = XCBuildConfiguration;
			buildSettings = {
				ALWAYS_SEARCH_USER_PATHS = NO;
				CLANG_ANALYZER_NONNULL = YES;
				CLANG_ANALYZER_NUMBER_OBJECT_CONVERSION = YES_AGGRESSIVE;
				CLANG_CXX_LANGUAGE_STANDARD = "gnu++20";
				CLANG_ENABLE_MODULES = YES;
				CLANG_ENABLE_OBJC_ARC = YES;
				CLANG_ENABLE_OBJC_WEAK = YES;
				CLANG_WARN_BLOCK_CAPTURE_AUTORELEASING = YES;
				CLANG_WARN_BOOL_CONVERSION = YES;
				CLANG_WARN_COMMA = YES;
				CLANG_WARN_CONSTANT_CONVERSION = YES;
				CLANG_WARN_DEPRECATED_OBJC_IMPLEMENTATIONS = YES;
				CLANG_WARN_DIRECT_OBJC_ISA_USAGE = YES_ERROR;
				CLANG_WARN_DOCUMENTATION_COMMENTS = YES;
				CLANG_WARN_EMPTY_BODY = YES;
				CLANG_WARN_ENUM_CONVERSION = YES;
				CLANG_WARN_INFINITE_RECURSION = YES;
				CLANG_WARN_INT_CONVERSION = YES;
				CLANG_WARN_NON_LITERAL_NULL_CONVERSION = YES;
				CLANG_WARN_OBJC_IMPLICIT_RETAIN_SELF = YES;
				CLANG_WARN_OBJC_LITERAL_CONVERSION = YES;
				CLANG_WARN_OBJC_ROOT_CLASS = YES_ERROR;
				CLANG_WARN_QUOTED_INCLUDE_IN_FRAMEWORK_HEADER = YES;
				CLANG_WARN_RANGE_LOOP_ANALYSIS = YES;
				CLANG_WARN_STRICT_PROTOTYPES = YES;
				CLANG_WARN_SUSPICIOUS_MOVE = YES;
				CLANG_WARN_UNGUARDED_AVAILABILITY = YES_AGGRESSIVE;
				CLANG_WARN_UNREACHABLE_CODE = YES;
				CLANG_WARN__DUPLICATE_METHOD_MATCH = YES;
				COPY_PHASE_STRIP = NO;
				DEBUG_INFORMATION_FORMAT = dwarf;
				ENABLE_STRICT_OBJC_MSGSEND = YES;
				ENABLE_TESTABILITY = YES;
				GCC_C_LANGUAGE_STANDARD = gnu11;
				GCC_DYNAMIC_NO_PIC = NO;
				GCC_NO_COMMON_BLOCKS = YES;
				GCC_OPTIMIZATION_LEVEL = 0;
				GCC_PREPROCESSOR_DEFINITIONS = (
					"DEBUG=1",
					"$(inherited)",
				);
				GCC_WARN_64_TO_32_BIT_CONVERSION = YES;
				GCC_WARN_ABOUT_RETURN_TYPE = YES_ERROR;
				GCC_WARN_UNDECLARED_SELECTOR = YES;
				GCC_WARN_UNINITIALIZED_AUTOS = YES_AGGRESSIVE;
				GCC_WARN_UNUSED_FUNCTION = YES;
				GCC_WARN_UNUSED_VARIABLE = YES;
				IPHONEOS_DEPLOYMENT_TARGET = 16.2;
				MTL_ENABLE_DEBUG_INFO = INCLUDE_SOURCE;
				MTL_FAST_MATH = YES;
				ONLY_ACTIVE_ARCH = YES;
				SDKROOT = iphoneos;
				SWIFT_ACTIVE_COMPILATION_CONDITIONS = DEBUG;
				SWIFT_OPTIMIZATION_LEVEL = "-Onone";
			};
			name = Debug;
		};
		7B575AF72AC8A2B5001891C4 /* Release */ = {
			isa = XCBuildConfiguration;
			buildSettings = {
				ALWAYS_SEARCH_USER_PATHS = NO;
				CLANG_ANALYZER_NONNULL = YES;
				CLANG_ANALYZER_NUMBER_OBJECT_CONVERSION = YES_AGGRESSIVE;
				CLANG_CXX_LANGUAGE_STANDARD = "gnu++20";
				CLANG_ENABLE_MODULES = YES;
				CLANG_ENABLE_OBJC_ARC = YES;
				CLANG_ENABLE_OBJC_WEAK = YES;
				CLANG_WARN_BLOCK_CAPTURE_AUTORELEASING = YES;
				CLANG_WARN_BOOL_CONVERSION = YES;
				CLANG_WARN_COMMA = YES;
				CLANG_WARN_CONSTANT_CONVERSION = YES;
				CLANG_WARN_DEPRECATED_OBJC_IMPLEMENTATIONS = YES;
				CLANG_WARN_DIRECT_OBJC_ISA_USAGE = YES_ERROR;
				CLANG_WARN_DOCUMENTATION_COMMENTS = YES;
				CLANG_WARN_EMPTY_BODY = YES;
				CLANG_WARN_ENUM_CONVERSION = YES;
				CLANG_WARN_INFINITE_RECURSION = YES;
				CLANG_WARN_INT_CONVERSION = YES;
				CLANG_WARN_NON_LITERAL_NULL_CONVERSION = YES;
				CLANG_WARN_OBJC_IMPLICIT_RETAIN_SELF = YES;
				CLANG_WARN_OBJC_LITERAL_CONVERSION = YES;
				CLANG_WARN_OBJC_ROOT_CLASS = YES_ERROR;
				CLANG_WARN_QUOTED_INCLUDE_IN_FRAMEWORK_HEADER = YES;
				CLANG_WARN_RANGE_LOOP_ANALYSIS = YES;
				CLANG_WARN_STRICT_PROTOTYPES = YES;
				CLANG_WARN_SUSPICIOUS_MOVE = YES;
				CLANG_WARN_UNGUARDED_AVAILABILITY = YES_AGGRESSIVE;
				CLANG_WARN_UNREACHABLE_CODE = YES;
				CLANG_WARN__DUPLICATE_METHOD_MATCH = YES;
				COPY_PHASE_STRIP = NO;
				DEBUG_INFORMATION_FORMAT = "dwarf-with-dsym";
				ENABLE_NS_ASSERTIONS = NO;
				ENABLE_STRICT_OBJC_MSGSEND = YES;
				GCC_C_LANGUAGE_STANDARD = gnu11;
				GCC_NO_COMMON_BLOCKS = YES;
				GCC_WARN_64_TO_32_BIT_CONVERSION = YES;
				GCC_WARN_ABOUT_RETURN_TYPE = YES_ERROR;
				GCC_WARN_UNDECLARED_SELECTOR = YES;
				GCC_WARN_UNINITIALIZED_AUTOS = YES_AGGRESSIVE;
				GCC_WARN_UNUSED_FUNCTION = YES;
				GCC_WARN_UNUSED_VARIABLE = YES;
				IPHONEOS_DEPLOYMENT_TARGET = 16.2;
				MTL_ENABLE_DEBUG_INFO = NO;
				MTL_FAST_MATH = YES;
				SDKROOT = iphoneos;
				SWIFT_COMPILATION_MODE = wholemodule;
				SWIFT_OPTIMIZATION_LEVEL = "-O";
				VALIDATE_PRODUCT = YES;
			};
			name = Release;
		};
		7B575AF92AC8A2B5001891C4 /* Debug */ = {
			isa = XCBuildConfiguration;
			buildSettings = {
				ASSETCATALOG_COMPILER_APPICON_NAME = AppIcon;
				ASSETCATALOG_COMPILER_GLOBAL_ACCENT_COLOR_NAME = AccentColor;
				CODE_SIGN_STYLE = Automatic;
				CURRENT_PROJECT_VERSION = 1;
				DEVELOPMENT_TEAM = P2R43RKRE4;
				GENERATE_INFOPLIST_FILE = YES;
				INFOPLIST_FILE = Marvel/Info.plist;
				INFOPLIST_KEY_UIApplicationSupportsIndirectInputEvents = YES;
				INFOPLIST_KEY_UILaunchStoryboardName = LaunchScreen;
				INFOPLIST_KEY_UIMainStoryboardFile = Main;
				INFOPLIST_KEY_UISupportedInterfaceOrientations_iPad = "UIInterfaceOrientationPortrait UIInterfaceOrientationPortraitUpsideDown UIInterfaceOrientationLandscapeLeft UIInterfaceOrientationLandscapeRight";
				INFOPLIST_KEY_UISupportedInterfaceOrientations_iPhone = "UIInterfaceOrientationPortrait UIInterfaceOrientationLandscapeLeft UIInterfaceOrientationLandscapeRight";
				LD_RUNPATH_SEARCH_PATHS = (
					"$(inherited)",
					"@executable_path/Frameworks",
				);
				MARKETING_VERSION = 1.0;
				PRODUCT_BUNDLE_IDENTIFIER = mx.bitmania.Marvel;
				PRODUCT_NAME = "$(TARGET_NAME)";
				SUPPORTED_PLATFORMS = "iphoneos iphonesimulator";
				SUPPORTS_MACCATALYST = NO;
				SUPPORTS_MAC_DESIGNED_FOR_IPHONE_IPAD = NO;
				SWIFT_EMIT_LOC_STRINGS = YES;
				SWIFT_VERSION = 5.0;
				TARGETED_DEVICE_FAMILY = "1,2";
			};
			name = Debug;
		};
		7B575AFA2AC8A2B5001891C4 /* Release */ = {
			isa = XCBuildConfiguration;
			buildSettings = {
				ASSETCATALOG_COMPILER_APPICON_NAME = AppIcon;
				ASSETCATALOG_COMPILER_GLOBAL_ACCENT_COLOR_NAME = AccentColor;
				CODE_SIGN_STYLE = Automatic;
				CURRENT_PROJECT_VERSION = 1;
				DEVELOPMENT_TEAM = P2R43RKRE4;
				GENERATE_INFOPLIST_FILE = YES;
				INFOPLIST_FILE = Marvel/Info.plist;
				INFOPLIST_KEY_UIApplicationSupportsIndirectInputEvents = YES;
				INFOPLIST_KEY_UILaunchStoryboardName = LaunchScreen;
				INFOPLIST_KEY_UIMainStoryboardFile = Main;
				INFOPLIST_KEY_UISupportedInterfaceOrientations_iPad = "UIInterfaceOrientationPortrait UIInterfaceOrientationPortraitUpsideDown UIInterfaceOrientationLandscapeLeft UIInterfaceOrientationLandscapeRight";
				INFOPLIST_KEY_UISupportedInterfaceOrientations_iPhone = "UIInterfaceOrientationPortrait UIInterfaceOrientationLandscapeLeft UIInterfaceOrientationLandscapeRight";
				LD_RUNPATH_SEARCH_PATHS = (
					"$(inherited)",
					"@executable_path/Frameworks",
				);
				MARKETING_VERSION = 1.0;
				PRODUCT_BUNDLE_IDENTIFIER = mx.bitmania.Marvel;
				PRODUCT_NAME = "$(TARGET_NAME)";
				SUPPORTED_PLATFORMS = "iphoneos iphonesimulator";
				SUPPORTS_MACCATALYST = NO;
				SUPPORTS_MAC_DESIGNED_FOR_IPHONE_IPAD = NO;
				SWIFT_EMIT_LOC_STRINGS = YES;
				SWIFT_VERSION = 5.0;
				TARGETED_DEVICE_FAMILY = "1,2";
			};
			name = Release;
		};
/* End XCBuildConfiguration section */

/* Begin XCConfigurationList section */
		7B575ADF2AC8A2B2001891C4 /* Build configuration list for PBXProject "Marvel" */ = {
			isa = XCConfigurationList;
			buildConfigurations = (
				7B575AF62AC8A2B5001891C4 /* Debug */,
				7B575AF72AC8A2B5001891C4 /* Release */,
			);
			defaultConfigurationIsVisible = 0;
			defaultConfigurationName = Release;
		};
		7B575AF82AC8A2B5001891C4 /* Build configuration list for PBXNativeTarget "Marvel" */ = {
			isa = XCConfigurationList;
			buildConfigurations = (
				7B575AF92AC8A2B5001891C4 /* Debug */,
				7B575AFA2AC8A2B5001891C4 /* Release */,
			);
			defaultConfigurationIsVisible = 0;
			defaultConfigurationName = Release;
		};
/* End XCConfigurationList section */

/* Begin XCRemoteSwiftPackageReference section */
		7BF4585F2AD0FFD800916822 /* XCRemoteSwiftPackageReference "SDWebImage" */ = {
			isa = XCRemoteSwiftPackageReference;
			repositoryURL = "https://github.com/SDWebImage/SDWebImage.git";
			requirement = {
				branch = master;
				kind = branch;
			};
		};
/* End XCRemoteSwiftPackageReference section */

/* Begin XCSwiftPackageProductDependency section */
		7BF458602AD0FFD800916822 /* SDWebImage */ = {
			isa = XCSwiftPackageProductDependency;
			package = 7BF4585F2AD0FFD800916822 /* XCRemoteSwiftPackageReference "SDWebImage" */;
			productName = SDWebImage;
		};
/* End XCSwiftPackageProductDependency section */
	};
	rootObject = 7B575ADC2AC8A2B2001891C4 /* Project object */;
}
